header:
  version: 14
overrides:
  repos:
    poky:
      commit: f4219fb3e291eaffbb475b91ad4a8c4772a9c7d3
    meta-openembedded:
      commit: 06fc0278f10d630838d703dde707bbf0e2999873
    meta-mender:
      commit: 0a07b0861f204a91350953c9f2353a9408c600c3
    meta-lts-mixins-rust:
      commit: 895b8b76de6dea32ba53b86e4db3ec5b9b275f28
    meta-lts-mixins-go:
      commit: 4e092daf1e920a44fb51d6df67cbddc9bc399e33
    meta-virtualization:
      commit: 3e4dba95e6b5f5f68d0b3a5899b106c89da59428
