header:
  version: 14
overrides:
  repos:
    poky:
      commit: 7a06e2daa719ca0cac9905988f72bb0cb546c7b5
    meta-raspberrypi:
      commit: 6df7e028a2b7b2d8cab0745dc0ed2eebc3742a17
    meta-openembedded:
      commit: 6c9f1f8d4538119803bf793747b65e4d23c33544
    meta-rauc:
      commit: 76b97796be1d0303436835e56d85d7316a1029d9
    meta-rauc-community:
      commit: 935ea34c32fcdc70b5f48a7f6a6a32b1af65081d
    meta-virtualization:
      commit: 79673f5c67b022e7aadeb231872470295e5b9188
