header:
  version: 14
overrides:
  repos:
    poky:
      commit: 7e8674996b0164b07e56bc066d0fba790e627061
    meta-openembedded:
      commit: f1f248262d662315159ee96c604f97415d1dbe6a
    meta-mender:
      commit: 00d4dfc36625a27ca0d6ad7aa33eeeab397281a9
    meta-lts-mixins-rust:
      commit: 00c30d00f7377ee426b017bb46dd8c4c7eeea03b
    meta-lts-mixins-go:
      commit: 61f9b2720705cd68d9d6a96c11896f9ea20cfb13
    meta-virtualization:
      commit: af1db2042caf8021d767dce1b26c08b59b96f3d1
