header:
  version: 14
overrides:
  repos:
    poky:
      commit: b301218f4da7793624db3545efd8bf66888b77b0
    meta-raspberrypi:
      commit: 2c646d29912dcc873469a57b1c207e1549c5094d
    meta-openembedded:
      commit: 4d3e2639dec542b58708244662d5ce36810fc510
    meta-security:
      commit: 97e482b71688b62ac1109d16e89368122f039cbf
    meta-rugix:
      commit: 517abfbba4fb9a5d458a46c72840a8c757c5f49e
    meta-lts-mixins-rust:
      commit: c19b6da5a3afd3c892b3b1b44983e993ac6d5308
    meta-lts-mixins-go:
      commit: 61f9b2720705cd68d9d6a96c11896f9ea20cfb13
    meta-virtualization:
      commit: 3dd635f613f7299d986a8ab6bc9f584370f8ed1d
    meta-clang:
      commit: 5bce7e26a38a58bb52242494e54ab2af40009574
