header:
  version: 14
overrides:
  repos:
    poky:
      commit: 51dc9c464de0703bfbc6f1ee71ac9bea20933a45
    meta-raspberrypi:
      commit: 255500dd9f6a01a3445ac491d1abc401801e3bad
    meta-openembedded:
      commit: 5c138125018fef4b240e62b664a809d19f4b26a5
    meta-rauc:
      commit: 056c283e83df2bcfd822d3721ddaa27a37f40652
    meta-rauc-community:
      commit: cfc8901f68f931cebbb4d48759368bb263d977d4
    meta-lts-mixins-go:
      commit: a2e77e7f64b02b3f8b13f48f73c433317347ab5b
    meta-virtualization:
      commit: 5429fc0f5c2ebd7187e54913220f579417fcbaed
