header:
  version: 14
overrides:
  repos:
    poky:
      commit: 792d18b4cb2451b00280641403e6eaf37bd6e53f
    meta-raspberrypi:
      commit: 8e9ec2685a902038d1d6ad20f0821ee5655432a9
    meta-openembedded:
      commit: e8fd97d86af86cdcc5a6eb3f301cbaf6a2084943
    meta-security:
      commit: bc865c5276c2ab4031229916e8d7c20148dfbac3
    meta-mender:
      commit: 0c43da078f550e5bd42000f71a7f4e9ae19b7faf
    meta-mender-community:
      commit: 6898594833c6c2836d74a3d96d16ffa7ab05a368
    meta-lts-mixins-rust:
      commit: a8046d5ec53b1856169ac795aa87cb0d5db84c04
    meta-lts-mixins-go:
      commit: 61f9b2720705cd68d9d6a96c11896f9ea20cfb13
    meta-lts-mixins-u-boot:
      commit: a44882db02a0ed0f149371831bfbe067665eb42b
    meta-virtualization:
      commit: a5449c0c50aa07d02186f548fe6bb6c1ce8823dc
