header:
  version: 14
overrides:
  repos:
    bitbake:
      commit: 33581c84f3a85008239acbd940501a35de48dc91
    meta-yocto:
      commit: 1b132647002eea43a2c7a7f857f63f42dacbc26c
    openembedded-core:
      commit: 9da814ca3685ada3fce46b8987f04ed3d57247b7
    meta-openembedded:
      commit: 14282a02be9c74a1276a7cda7d6c89e054699a11
