header:
  version: 14
overrides:
  repos:
    meta-lts-mixins-go:
      commit: b8a6349ec476c0a38436be7503ef963f49c2c461
    meta-lts-mixins-rust:
      commit: 9bc06b6a761f28cf82aae8a99afe27ed5e2ce4c9
    meta-mender:
      commit: 031ab123bf2d0e31be53bc7d87a43ac068bc0c06
    meta-openembedded:
      commit: 66ec16850573a7ec69248b81f9904cdfba79b930
    meta-raspberrypi:
      commit: d7544f35756d87834e8b4bf3e3e733c771d380ae
    meta-virtualization:
      commit: a055d7dcafc58855081a5eac9a46b93b9b51012b
    poky:
      commit: 65d58821e0496c90594176fdb2ef2c240f86bcd9
