header:
  version: 14
overrides:
  repos:
    poky:
      commit: b33a8abe77081a2bdda0d89c61736473b2f9bb8b
    meta-raspberrypi:
      commit: 8767e2ff80ec3b09cd70dd22cdb18e783ab20d7b
    meta-openembedded:
      commit: 15e18246dd0c0585cd1515a0be8ee5e2016d1329
    meta-security:
      commit: bc865c5276c2ab4031229916e8d7c20148dfbac3
    meta-mender:
      commit: 6818fa87fdee9e3873ec797cb63a3dda5b49b608
    meta-mender-community:
      commit: 9145b8e34bac23c82984ddcdd5468154ffe7af6d
    meta-lts-mixins-rust:
      commit: 00c30d00f7377ee426b017bb46dd8c4c7eeea03b
    meta-lts-mixins-go:
      commit: 61f9b2720705cd68d9d6a96c11896f9ea20cfb13
    meta-lts-mixins-u-boot:
      commit: a44882db02a0ed0f149371831bfbe067665eb42b
    meta-virtualization:
      commit: af1db2042caf8021d767dce1b26c08b59b96f3d1
