header:
  version: 14
overrides:
  repos:
    poky:
      commit: 40701465df90b38b9068bcbd0ce6aa6587807433
    meta-raspberrypi:
      commit: 255500dd9f6a01a3445ac491d1abc401801e3bad
    meta-openembedded:
      commit: 07ac1890c843b374c27e150f1a2e53ad3db2a8e4
    meta-rugix:
      commit: 22e60ef3aeb07f630af163a5ad1aef42ac8e97e6
    meta-lts-mixins-rust:
      commit: 88ee10acb0de3da6b3107fb7a8617c8cd56420bf
    meta-lts-mixins-go:
      commit: f9d47a8ef7ad1b05f1c5548d627a3250c09947b1
    meta-virtualization:
      commit: c474ae21b11a816be607eb7b44d2cf77d1125bce
