header:
  version: 14
overrides:
  repos:
    poky:
      commit: 6400741e0c11d1620a5ebe394d24deec295236f9
    meta-raspberrypi:
      commit: aaf976a665daa7e520545908adef8a0e9410b57f
    meta-openembedded:
      commit: b9fb6556a3c8a3e477dce334205b658cb79ad501
    meta-rauc:
      commit: a0f4a8b9986954239850b9d4256c003c91e6b931
    meta-rauc-community:
      commit: 935ea34c32fcdc70b5f48a7f6a6a32b1af65081d
    meta-lts-mixins-rust:
      commit: a0705b87e7c1a257dafb089063f3302ed49c87d3
    meta-lts-mixins-go:
      commit: 61f9b2720705cd68d9d6a96c11896f9ea20cfb13
    meta-virtualization:
      commit: af1db2042caf8021d767dce1b26c08b59b96f3d1
