header:
  version: 14
overrides:
  repos:
    bitbake:
      commit: 33581c84f3a85008239acbd940501a35de48dc91
    meta-yocto:
      commit: 8251bdad5fda780a000fb41e6eda82eadf0fa39e
    openembedded-core:
      commit: 06dd66e6220e5ce4ed4b9af4d8231ae5f0a8ce80
    meta-openembedded:
      commit: 9af4488d46cb4fd4c0d2d64820c86225ebd6ac71
