header:
  version: 14
overrides:
  repos:
    poky:
      commit: d71d81814adae2c51fdaf42f62c146041545c7fd
    meta-raspberrypi:
      commit: cd677051d18d4af2f043ac1ab58509ae5f594cf6
    meta-openembedded:
      commit: 89a01c3d9ad1f8fce6aeb4dd0e694cfa28d42099
    meta-security:
      commit: afbbe28cee4af2c6760aaead43a4a3ef29969809
    meta-rugix:
      commit: 22e60ef3aeb07f630af163a5ad1aef42ac8e97e6
    meta-lts-mixins-rust:
      commit: 00c30d00f7377ee426b017bb46dd8c4c7eeea03b
    meta-lts-mixins-go:
      commit: 61f9b2720705cd68d9d6a96c11896f9ea20cfb13
    meta-virtualization:
      commit: d75faad37ae3cbbfe31dffaa6432553fc5450838
