header:
  version: 14
overrides:
  repos:
    poky:
      commit: e2d947b1cce43f3c4ab5cd6bbe69ea466339666b
    meta-raspberrypi:
      commit: 255500dd9f6a01a3445ac491d1abc401801e3bad
    meta-openembedded:
      commit: 07ac1890c843b374c27e150f1a2e53ad3db2a8e4
    meta-mender:
      commit: e95e4c92f87c98a071e5d4ee8db5d38c030f4d04
    meta-lts-mixins-rust:
      commit: 88ee10acb0de3da6b3107fb7a8617c8cd56420bf
    meta-lts-mixins-go:
      commit: 686d9869625ff60ca81419fbe21d1f044483cf52
    meta-virtualization:
      commit: e8de051a53f979040eaa641d7b69d8fd00275b9a
