header:
  version: 14
overrides:
  repos:
    poky:
      commit: 4ee43d7d686836b27d4f6c075915b7a2e14db997
    meta-raspberrypi:
      commit: 9e12ad97b4c95772c6f403b9318f2bec2ab09e53
    meta-openembedded:
      commit: 058249f9a836e3aa866436aa6e37d6d48ff768fd
    meta-rauc:
      commit: 0b0bfcee1c6c17dff8bad6b4bc69c6f7afd5b827
    meta-rauc-community:
      commit: cfc8901f68f931cebbb4d48759368bb263d977d4
    meta-lts-mixins-rust:
      commit: dcc60f3115a8133c4013ce36cb6fe0969c07d6f5
    meta-lts-mixins-go:
      commit: 4e092daf1e920a44fb51d6df67cbddc9bc399e33
    meta-virtualization:
      commit: 227cefa1261daf20b7d9737541994ec2bba629fc
