header:
  version: 14
overrides:
  repos:
    poky:
      commit: 1d54d1c4736a114e1cecbe85a0306e3814d5ce70
    meta-openembedded:
      commit: ec0469748be4159fb83fb0fa0148d786484c88cf
    meta-lts-mixins-rust:
      commit: c19b6da5a3afd3c892b3b1b44983e993ac6d5308
    meta-clang:
      commit: 613362523f3bf85ff4862e2f1f00113b8d2028be
