header:
  version: 14
overrides:
  repos:
    poky:
      commit: b8f8125f05e8ece078ba6bf01eebb2900cf2f9bf
    meta-raspberrypi:
      commit: bce7b3acd2e0d9d127fcb57eae4a512bd7e7924a
    meta-openembedded:
      commit: 727811eaf256b88fd135be99559f2cbf14c82fce
    meta-rauc:
      commit: a0f4a8b9986954239850b9d4256c003c91e6b931
    meta-rauc-community:
      commit: 935ea34c32fcdc70b5f48a7f6a6a32b1af65081d
    meta-virtualization:
      commit: 9e040ee8dd6025558ea60ac9db60c41bfeddf221
    meta-lts-mixins-go:
      commit: 61f9b2720705cd68d9d6a96c11896f9ea20cfb13
