header:
  version: 14
overrides:
  repos:
    poky:
      commit: ce9f4eaaae324ef4182a39293f3a6b2aa7207680
    meta-raspberrypi:
      commit: 6df7e028a2b7b2d8cab0745dc0ed2eebc3742a17
    meta-openembedded:
      commit: 4f11a12b2352bbdfafb6b7d956bf424af4992977
    meta-mender:
      commit: 1e93f227d16c74791db2ed1688875c1e28e566ce
    meta-mender-community:
      commit: 3ee37a7e9fe81d812acf485f74bed5c878014c12
    meta-lts-mixins-rust:
      commit: 1793a1b8fc92cf8688c72b7fd4181e3a2f5ade55
    meta-lts-mixins-u-boot:
      commit: 66ceeebd047d7fdfc8668b300319a76da8ae257d
    meta-virtualization:
      commit: 79673f5c67b022e7aadeb231872470295e5b9188
