header:
  version: 14
overrides:
  repos:
    poky:
      commit: 9497778a4d756daa29c4fa8d45d1a242d63ab8cc
    meta-raspberrypi:
      commit: cd677051d18d4af2f043ac1ab58509ae5f594cf6
    meta-openembedded:
      commit: b4812b18eec77e9f0286bd6b81a5c3032ac0d3be
    meta-security:
      commit: afbbe28cee4af2c6760aaead43a4a3ef29969809
    meta-rugix:
      commit: 22e60ef3aeb07f630af163a5ad1aef42ac8e97e6
    meta-lts-mixins-rust:
      commit: 00c30d00f7377ee426b017bb46dd8c4c7eeea03b
    meta-lts-mixins-go:
      commit: 61f9b2720705cd68d9d6a96c11896f9ea20cfb13
    meta-virtualization:
      commit: 17ac21e7d7f6f40a87618b22278b63bcfa14dbf2
