header:
  version: 14
overrides:
  repos:
    bitbake:
      commit: 33581c84f3a85008239acbd940501a35de48dc91
    meta-yocto:
      commit: 1b132647002eea43a2c7a7f857f63f42dacbc26c
    openembedded-core:
      commit: 9da814ca3685ada3fce46b8987f04ed3d57247b7
    meta-raspberrypi:
      commit: 60c7fe38497f7aec561c1a079ba36a9913f73541
    meta-openembedded:
      commit: 14282a02be9c74a1276a7cda7d6c89e054699a11
    meta-security:
      commit: c0d1d6200e7a84c39fb940cb1f22aad4b0b3d808
    meta-mender:
      commit: 56b9a3dd293b439f70e809a0ba7f3f6e52382583
    meta-mender-community:
      commit: f6860e099fe97260612380dd0092e854831bd9c0
    meta-virtualization:
      commit: 70a5d5a65d7237cfe978961fa4d8765c895cddc8
    meta-clang:
      commit: ef0d22f21910a0c30c967eeb17d8f209806e2d81
