header:
  version: 14
overrides:
  repos:
    poky:
      commit: c942cdb0572ab065a13424aa7482404269ff9554
    meta-openembedded:
      commit: 97d4be2839754dadfc326c21948472c2fc2985ce
    meta-lts-mixins-rust:
      commit: 88ee10acb0de3da6b3107fb7a8617c8cd56420bf
    meta-clang:
      commit: eafdaa3cda9000c6d9bd1819ffe1219c7b66e4b8
