header:
  version: 14
overrides:
  repos:
    poky:
      commit: 72983ac391008ebceb45edc7a8f0f6d5f4fe715c
    meta-openembedded:
      commit: 2b26d30fc7f478f5735d514f0c1bc28f6a4148b6
    meta-mender:
      commit: 69e0cfc3eee0b070510720d70f8a62440c995317
    meta-lts-mixins-rust:
      commit: 00c30d00f7377ee426b017bb46dd8c4c7eeea03b
    meta-lts-mixins-go:
      commit: 61f9b2720705cd68d9d6a96c11896f9ea20cfb13
    meta-virtualization:
      commit: 17ac21e7d7f6f40a87618b22278b63bcfa14dbf2
